
Microsoft Visual Studio Solution File, Format Version 12.00
# Visual Studio 15
VisualStudioVersion = 15.0.27004.2008
MinimumVisualStudioVersion = 10.0.40219.1
Project("{FAE04EC0-301F-11D3-BF4B-00C04F79EFBC}") = "PPCRental", "PPCRental\PPCRental.csproj", "{7A13D3D0-5C0F-4084-A104-C850508C3B92}"
EndProject
Project("{FAE04EC0-301F-11D3-BF4B-00C04F79EFBC}") = "PPCRental.AcceptanceTests", "PPCRental.AcceptanceTests\PPCRental.AcceptanceTests.csproj", "{74311ABD-862A-47B9-B6E0-9A12E2DFFC3B}"
EndProject
Project("{FAE04EC0-301F-11D3-BF4B-00C04F79EFBC}") = "PPCRental.AcceptanceTests.Common", "PPCRental.AcceptanceTests.Common\PPCRental.AcceptanceTests.Common.csproj", "{45725434-7906-4BB5-BD2F-8F001019A8AD}"
EndProject
Project("{FAE04EC0-301F-11D3-BF4B-00C04F79EFBC}") = "PPCRental.UITests.Selenium", "PPCRental.UITests.Selenium\PPCRental.UITests.Selenium.csproj", "{F1326591-51D8-4AE7-9715-F5856ED57F8E}"
EndProject
Project("{FAE04EC0-301F-11D3-BF4B-00C04F79EFBC}") = "PPCRental.UnitTests", "PPCRental.UnitTests\PPCRental.UnitTests.csproj", "{529D386F-7DEE-46D1-B594-0D0B110C8F4E}"
EndProject
Global
	GlobalSection(SolutionConfigurationPlatforms) = preSolution
		Debug|Any CPU = Debug|Any CPU
		Release|Any CPU = Release|Any CPU
	EndGlobalSection
	GlobalSection(ProjectConfigurationPlatforms) = postSolution
		{7A13D3D0-5C0F-4084-A104-C850508C3B92}.Debug|Any CPU.ActiveCfg = Debug|Any CPU
		{7A13D3D0-5C0F-4084-A104-C850508C3B92}.Debug|Any CPU.Build.0 = Debug|Any CPU
		{7A13D3D0-5C0F-4084-A104-C850508C3B92}.Release|Any CPU.ActiveCfg = Release|Any CPU
		{7A13D3D0-5C0F-4084-A104-C850508C3B92}.Release|Any CPU.Build.0 = Release|Any CPU
		{74311ABD-862A-47B9-B6E0-9A12E2DFFC3B}.Debug|Any CPU.ActiveCfg = Debug|Any CPU
		{74311ABD-862A-47B9-B6E0-9A12E2DFFC3B}.Debug|Any CPU.Build.0 = Debug|Any CPU
		{74311ABD-862A-47B9-B6E0-9A12E2DFFC3B}.Release|Any CPU.ActiveCfg = Release|Any CPU
		{74311ABD-862A-47B9-B6E0-9A12E2DFFC3B}.Release|Any CPU.Build.0 = Release|Any CPU
		{45725434-7906-4BB5-BD2F-8F001019A8AD}.Debug|Any CPU.ActiveCfg = Debug|Any CPU
		{45725434-7906-4BB5-BD2F-8F001019A8AD}.Debug|Any CPU.Build.0 = Debug|Any CPU
		{45725434-7906-4BB5-BD2F-8F001019A8AD}.Release|Any CPU.ActiveCfg = Release|Any CPU
		{45725434-7906-4BB5-BD2F-8F001019A8AD}.Release|Any CPU.Build.0 = Release|Any CPU
		{F1326591-51D8-4AE7-9715-F5856ED57F8E}.Debug|Any CPU.ActiveCfg = Debug|Any CPU
		{F1326591-51D8-4AE7-9715-F5856ED57F8E}.Debug|Any CPU.Build.0 = Debug|Any CPU
		{F1326591-51D8-4AE7-9715-F5856ED57F8E}.Release|Any CPU.ActiveCfg = Release|Any CPU
		{F1326591-51D8-4AE7-9715-F5856ED57F8E}.Release|Any CPU.Build.0 = Release|Any CPU
		{529D386F-7DEE-46D1-B594-0D0B110C8F4E}.Debug|Any CPU.ActiveCfg = Debug|Any CPU
		{529D386F-7DEE-46D1-B594-0D0B110C8F4E}.Debug|Any CPU.Build.0 = Debug|Any CPU
		{529D386F-7DEE-46D1-B594-0D0B110C8F4E}.Release|Any CPU.ActiveCfg = Release|Any CPU
		{529D386F-7DEE-46D1-B594-0D0B110C8F4E}.Release|Any CPU.Build.0 = Release|Any CPU
	EndGlobalSection
	GlobalSection(SolutionProperties) = preSolution
		HideSolutionNode = FALSE
	EndGlobalSection
	GlobalSection(ExtensibilityGlobals) = postSolution
		SolutionGuid = {B3696AB4-B489-475D-9A5B-CD616BF1DAF2}
	EndGlobalSection
EndGlobal
